
Microsoft Visual Studio Solution File, Format Version 12.00
# Visual Studio Version 17
VisualStudioVersion = 17.7.34221.43
MinimumVisualStudioVersion = 10.0.40219.1
Project("{9A19103F-16F7-4668-BE54-9A1E7A4F7556}") = "Dummy.TestAdapter", "Dummy.TestAdapter.csproj", "{6B448C3A-CB2A-49FA-A8EF-52EA795748ED}"
	ProjectSection(ProjectDependencies) = postProject
		{3939F601-E490-4D5F-B98C-991C62F7E527} = {3939F601-E490-4D5F-B98C-991C62F7E527}
	EndProjectSection
EndProject
Project("{9A19103F-16F7-4668-BE54-9A1E7A4F7556}") = "MSTestProject", "..\MSTestProject\MSTestProject.csproj", "{3939F601-E490-4D5F-B98C-991C62F7E527}"
EndProject
Global
	GlobalSection(SolutionConfigurationPlatforms) = preSolution
		Debug|Any CPU = Debug|Any CPU
		Release|Any CPU = Release|Any CPU
	EndGlobalSection
	GlobalSection(ProjectConfigurationPlatforms) = postSolution
		{6B448C3A-CB2A-49FA-A8EF-52EA795748ED}.Debug|Any CPU.ActiveCfg = Debug|Any CPU
		{6B448C3A-CB2A-49FA-A8EF-52EA795748ED}.Debug|Any CPU.Build.0 = Debug|Any CPU
		{6B448C3A-CB2A-49FA-A8EF-52EA795748ED}.Release|Any CPU.ActiveCfg = Release|Any CPU
		{6B448C3A-CB2A-49FA-A8EF-52EA795748ED}.Release|Any CPU.Build.0 = Release|Any CPU
		{3939F601-E490-4D5F-B98C-991C62F7E527}.Debug|Any CPU.ActiveCfg = Debug|Any CPU
		{3939F601-E490-4D5F-B98C-991C62F7E527}.Debug|Any CPU.Build.0 = Debug|Any CPU
		{3939F601-E490-4D5F-B98C-991C62F7E527}.Release|Any CPU.ActiveCfg = Release|Any CPU
		{3939F601-E490-4D5F-B98C-991C62F7E527}.Release|Any CPU.Build.0 = Release|Any CPU
	EndGlobalSection
	GlobalSection(SolutionProperties) = preSolution
		HideSolutionNode = FALSE
	EndGlobalSection
	GlobalSection(ExtensibilityGlobals) = postSolution
		SolutionGuid = {FB2B09CD-65D6-4219-B4E6-4C7965168171}
	EndGlobalSection
EndGlobal
